github.com/nkanaev/yarr v0.0.0-20230901164013-479aebd0233d h1:kp0AdelX3WUZdAFOpj6cquHsJyD5QaZ38bf0/+Hqd6A=
github.com/nkanaev/yarr v0.0.0-20230901164013-479aebd0233d/go.mod h1:z2pFTrmnyb4UwTtc7+GAWz1SOC28gg6mIZoEPqJHpkU=
golang.org/x/net v0.14.0 h1:BONx9s002vGdD9umnlX1Po8vOZmrgH34qlHcD1MfK14=
golang.org/x/net v0.14.0/go.mod h1:PpSgVXXLK0OxS0F31C1/tv6XNguvCrnXIDrFMspZIUI=
